lockfileVersion: '6.0'

settings:
  autoInstallPeers: true
  excludeLinksFromLockfile: false

dependencies:
  pocketbase:
    specifier: 0.18.0
    version: 0.18.0

packages:

  /pocketbase@0.18.0:
    resolution: {integrity: sha512-09ri0Rnm4JjboU4OJeibd6pgvKi4DPg/r/Uu/QI3mKSZsrROoMT75zyiOldbBBMWZUDG1TRlv6BjQj30SFsrVw==}
    dev: false
